
Microsoft Visual Studio Solution File, Format Version 12.00
# Visual Studio Version 16
VisualStudioVersion = 16.0.29326.143
MinimumVisualStudioVersion = 10.0.40219.1
Project("{FAE04EC0-301F-11D3-BF4B-00C04F79EFBC}") = "PrimeGenerator", "PrimeGenerator.csproj", "{DB9884C8-F71C-42D4-929D-27696537C5E4}"
EndProject
Global
	GlobalSection(SolutionConfigurationPlatforms) = preSolution
		Debug|Any CPU = Debug|Any CPU
		Release|Any CPU = Release|Any CPU
	EndGlobalSection
	GlobalSection(ProjectConfigurationPlatforms) = postSolution
		{DB9884C8-F71C-42D4-929D-27696537C5E4}.Debug|Any CPU.ActiveCfg = Debug|Any CPU
		{DB9884C8-F71C-42D4-929D-27696537C5E4}.Debug|Any CPU.Build.0 = Debug|Any CPU
		{DB9884C8-F71C-42D4-929D-27696537C5E4}.Release|Any CPU.ActiveCfg = Release|Any CPU
		{DB9884C8-F71C-42D4-929D-27696537C5E4}.Release|Any CPU.Build.0 = Release|Any CPU
	EndGlobalSection
	GlobalSection(SolutionProperties) = preSolution
		HideSolutionNode = FALSE
	EndGlobalSection
	GlobalSection(ExtensibilityGlobals) = postSolution
		SolutionGuid = {CF904E2B-6E26-46D5-BB45-EC70B034F12F}
	EndGlobalSection
EndGlobal
